dependencies:
  can_bus:
    component_hash: b669bca660aadb336ce8c6a07d05843c4f0e7db1bc5ae97616c58f9530a78af6
    dependencies: []
    source:
      git: https://github.com/Yuke-hd/esp32-vehicle-can-core.git
      path: components/can_bus
      type: git
    version: 9720e57ea501469377521d1b9e511e2e812b3b19
  espressif/led_strip:
    component_hash: 28621486f77229aaf81c71f5e15d6fbf36c2949cf11094e07090593e659e7639
    dependencies:
    - name: idf
      require: private
      version: '>=5.0'
    source:
      registry_url: https://components.espressif.com/
      type: service
    version: 3.0.3
  idf:
    source:
      type: idf
    version: 5.5.4
  vehicle_core:
    component_hash: 619b3b4b5c36e856480c139182f0022c6e627fa7f20d6bd5bf59da12dec255a9
    dependencies: []
    source:
      git: https://github.com/Yuke-hd/esp32-vehicle-can-core.git
      path: components/vehicle_core
      type: git
    version: 9720e57ea501469377521d1b9e511e2e812b3b19
  vehicle_telemetry:
    component_hash: d6c2842a264d428bbb30c28194179b222394657ced306d1f48d19bad5efbb441
    dependencies: []
    source:
      git: https://github.com/Yuke-hd/esp32-vehicle-can-core.git
      path: components/vehicle_telemetry
      type: git
    version: 9720e57ea501469377521d1b9e511e2e812b3b19
direct_dependencies:
- can_bus
- espressif/led_strip
- idf
- vehicle_core
- vehicle_telemetry
manifest_hash: fc128ff39ca42ddbf31a6be4a208c6cc539fe732487d27d1c712e10f2399c428
target: esp32
version: 2.0.0
