dependencies:
  can_bus:
    component_hash: b669bca660aadb336ce8c6a07d05843c4f0e7db1bc5ae97616c58f9530a78af6
    dependencies: []
    source:
      git: https://github.com/Yuke-hd/esp32-vehicle-can-core.git
      path: components/can_bus
      type: git
    version: b3d87ac094576f7a787114a1bd24db5cf427a4f7
  espressif/led_strip:
    component_hash: 28621486f77229aaf81c71f5e15d6fbf36c2949cf11094e07090593e659e7639
    dependencies:
    - name: idf
      require: private
      version: '>=5.0'
    source:
      registry_url: https://components.espressif.com/
      type: service
    version: 3.0.3
  idf:
    source:
      type: idf
    version: 5.5.4
  vehicle_core:
    component_hash: 619b3b4b5c36e856480c139182f0022c6e627fa7f20d6bd5bf59da12dec255a9
    dependencies: []
    source:
      git: https://github.com/Yuke-hd/esp32-vehicle-can-core.git
      path: components/vehicle_core
      type: git
    version: b3d87ac094576f7a787114a1bd24db5cf427a4f7
  vehicle_telemetry:
    component_hash: 08f63be9c76a3ac5885479bbb0e580086c2f8afbdf2c48e33324295b7576c43c
    dependencies: []
    source:
      git: https://github.com/Yuke-hd/esp32-vehicle-can-core.git
      path: components/vehicle_telemetry
      type: git
    version: b3d87ac094576f7a787114a1bd24db5cf427a4f7
direct_dependencies:
- can_bus
- espressif/led_strip
- idf
- vehicle_core
- vehicle_telemetry
manifest_hash: 8c6dcf157c520ee493e599a28d967809fca8e49143b84e3f8d3c61b4ee643a6e
target: esp32
version: 2.0.0
